
Microsoft Visual Studio Solution File, Format Version 12.00
# Visual Studio 15
VisualStudioVersion = 15.0.28307.438
MinimumVisualStudioVersion = 10.0.40219.1
Project("{8BC9CEB8-8B4A-11D0-8D11-00A0C91BC942}") = "Animation", "Animation\Animation.vcxproj", "{3105CA0D-C0CA-4498-9D22-B8587B58C0A6}"
EndProject
Global
	GlobalSection(SolutionConfigurationPlatforms) = preSolution
		Debug|x64 = Debug|x64
		Debug|x86 = Debug|x86
		Release|x64 = Release|x64
		Release|x86 = Release|x86
	EndGlobalSection
	GlobalSection(ProjectConfigurationPlatforms) = postSolution
		{3105CA0D-C0CA-4498-9D22-B8587B58C0A6}.Debug|x64.ActiveCfg = Debug|x64
		{3105CA0D-C0CA-4498-9D22-B8587B58C0A6}.Debug|x64.Build.0 = Debug|x64
		{3105CA0D-C0CA-4498-9D22-B8587B58C0A6}.Debug|x86.ActiveCfg = Debug|Win32
		{3105CA0D-C0CA-4498-9D22-B8587B58C0A6}.Debug|x86.Build.0 = Debug|Win32
		{3105CA0D-C0CA-4498-9D22-B8587B58C0A6}.Release|x64.ActiveCfg = Release|x64
		{3105CA0D-C0CA-4498-9D22-B8587B58C0A6}.Release|x64.Build.0 = Release|x64
		{3105CA0D-C0CA-4498-9D22-B8587B58C0A6}.Release|x86.ActiveCfg = Release|Win32
		{3105CA0D-C0CA-4498-9D22-B8587B58C0A6}.Release|x86.Build.0 = Release|Win32
	EndGlobalSection
	GlobalSection(SolutionProperties) = preSolution
		HideSolutionNode = FALSE
	EndGlobalSection
	GlobalSection(ExtensibilityGlobals) = postSolution
		SolutionGuid = {B7CD3CFD-4A02-4A96-B987-0FED968D4D32}
	EndGlobalSection
EndGlobal
