
Microsoft Visual Studio Solution File, Format Version 12.00
# Visual Studio 15
VisualStudioVersion = 15.0.28307.572
MinimumVisualStudioVersion = 10.0.40219.1
Project("{8BC9CEB8-8B4A-11D0-8D11-00A0C91BC942}") = "Vertices", "Vertices\Vertices.vcxproj", "{C93B7411-AFDE-44B9-966D-B21DFCCF2201}"
EndProject
Global
	GlobalSection(SolutionConfigurationPlatforms) = preSolution
		Debug|x64 = Debug|x64
		Debug|x86 = Debug|x86
		Release|x64 = Release|x64
		Release|x86 = Release|x86
	EndGlobalSection
	GlobalSection(ProjectConfigurationPlatforms) = postSolution
		{C93B7411-AFDE-44B9-966D-B21DFCCF2201}.Debug|x64.ActiveCfg = Debug|x64
		{C93B7411-AFDE-44B9-966D-B21DFCCF2201}.Debug|x64.Build.0 = Debug|x64
		{C93B7411-AFDE-44B9-966D-B21DFCCF2201}.Debug|x86.ActiveCfg = Debug|Win32
		{C93B7411-AFDE-44B9-966D-B21DFCCF2201}.Debug|x86.Build.0 = Debug|Win32
		{C93B7411-AFDE-44B9-966D-B21DFCCF2201}.Release|x64.ActiveCfg = Release|x64
		{C93B7411-AFDE-44B9-966D-B21DFCCF2201}.Release|x64.Build.0 = Release|x64
		{C93B7411-AFDE-44B9-966D-B21DFCCF2201}.Release|x86.ActiveCfg = Release|Win32
		{C93B7411-AFDE-44B9-966D-B21DFCCF2201}.Release|x86.Build.0 = Release|Win32
	EndGlobalSection
	GlobalSection(SolutionProperties) = preSolution
		HideSolutionNode = FALSE
	EndGlobalSection
	GlobalSection(ExtensibilityGlobals) = postSolution
		SolutionGuid = {92FD6AE9-6626-4092-8311-E3E2DA1AE023}
	EndGlobalSection
EndGlobal
